{
  "name": "karzok",
  "version": "0.0.1",
  "lockfileVersion": 2,
  "requires": true,
  "packages": {
    "": {
      "dependencies": {
        "@fontsource/courier-prime": "^4.5.0",
        "@fontsource/inter": "^4.5.0",
        "@fontsource/jetbrains-mono": "^4.5.0",
        "katex": "^0.13.13",
        "normalize.css": "^8.0.1"
      }
    },
    "node_modules/@fontsource/courier-prime": {
      "version": "4.5.0",
      "resolved": "https://registry.npmjs.org/@fontsource/courier-prime/-/courier-prime-4.5.0.tgz",
      "integrity": "sha512-pSm4w52hWo460nZCuluVW4uZl1f0V9IE426hKoSt1yTWFbbQ1qRJw1w0Z53hQo9BdBoH7YJLOaKOqbkgxyyI5g=="
    },
    "node_modules/@fontsource/inter": {
      "version": "4.5.0",
      "resolved": "https://registry.npmjs.org/@fontsource/inter/-/inter-4.5.0.tgz",
      "integrity": "sha512-2efK8Ru0LkuOYrEpiHPlV02YkTdIKGbezlxVNeA8/3c+tNt7P2aQPuiYYkVy7N4GA5LWSUVcLL/91MpCIjinOw=="
    },
    "node_modules/@fontsource/jetbrains-mono": {
      "version": "4.5.0",
      "resolved": "https://registry.npmjs.org/@fontsource/jetbrains-mono/-/jetbrains-mono-4.5.0.tgz",
      "integrity": "sha512-gxUlpdCLoIrEQ6+1hkPbFHuQz8E5bPZ/iERU+13zEKb8rD/h21v3uHuAT7dTD+Co9nbSlgk6fyVkFwF5edUMog=="
    },
    "node_modules/commander": {
      "version": "6.2.1",
      "resolved": "https://registry.npmjs.org/commander/-/commander-6.2.1.tgz",
      "integrity": "sha512-U7VdrJFnJgo4xjrHpTzu0yrHPGImdsmD95ZlgYSEajAn2JKzDhDTPG9kBTefmObL2w/ngeZnilk+OV9CG3d7UA==",
      "engines": {
        "node": ">= 6"
      }
    },
    "node_modules/katex": {
      "version": "0.13.13",
      "resolved": "https://registry.npmjs.org/katex/-/katex-0.13.13.tgz",
      "integrity": "sha512-cCMcil4jwMm7behpXGiQfXJA29sko/Gd/26iCsr53Dv5Jn2iHbHyEb14dm9uVrIijUXx6Zz1WhlFhHE6DckvkQ==",
      "dependencies": {
        "commander": "^6.0.0"
      },
      "bin": {
        "katex": "cli.js"
      }
    },
    "node_modules/normalize.css": {
      "version": "8.0.1",
      "resolved": "https://registry.npmjs.org/normalize.css/-/normalize.css-8.0.1.tgz",
      "integrity": "sha512-qizSNPO93t1YUuUhP22btGOo3chcvDFqFaj2TRybP0DMxkHOCTYwp3n34fel4a31ORXy4m1Xq0Gyqpb5m33qIg=="
    }
  },
  "dependencies": {
    "@fontsource/courier-prime": {
      "version": "4.5.0",
      "resolved": "https://registry.npmjs.org/@fontsource/courier-prime/-/courier-prime-4.5.0.tgz",
      "integrity": "sha512-pSm4w52hWo460nZCuluVW4uZl1f0V9IE426hKoSt1yTWFbbQ1qRJw1w0Z53hQo9BdBoH7YJLOaKOqbkgxyyI5g=="
    },
    "@fontsource/inter": {
      "version": "4.5.0",
      "resolved": "https://registry.npmjs.org/@fontsource/inter/-/inter-4.5.0.tgz",
      "integrity": "sha512-2efK8Ru0LkuOYrEpiHPlV02YkTdIKGbezlxVNeA8/3c+tNt7P2aQPuiYYkVy7N4GA5LWSUVcLL/91MpCIjinOw=="
    },
    "@fontsource/jetbrains-mono": {
      "version": "4.5.0",
      "resolved": "https://registry.npmjs.org/@fontsource/jetbrains-mono/-/jetbrains-mono-4.5.0.tgz",
      "integrity": "sha512-gxUlpdCLoIrEQ6+1hkPbFHuQz8E5bPZ/iERU+13zEKb8rD/h21v3uHuAT7dTD+Co9nbSlgk6fyVkFwF5edUMog=="
    },
    "commander": {
      "version": "6.2.1",
      "resolved": "https://registry.npmjs.org/commander/-/commander-6.2.1.tgz",
      "integrity": "sha512-U7VdrJFnJgo4xjrHpTzu0yrHPGImdsmD95ZlgYSEajAn2JKzDhDTPG9kBTefmObL2w/ngeZnilk+OV9CG3d7UA=="
    },
    "katex": {
      "version": "0.13.13",
      "resolved": "https://registry.npmjs.org/katex/-/katex-0.13.13.tgz",
      "integrity": "sha512-cCMcil4jwMm7behpXGiQfXJA29sko/Gd/26iCsr53Dv5Jn2iHbHyEb14dm9uVrIijUXx6Zz1WhlFhHE6DckvkQ==",
      "requires": {
        "commander": "^6.0.0"
      }
    },
    "normalize.css": {
      "version": "8.0.1",
      "resolved": "https://registry.npmjs.org/normalize.css/-/normalize.css-8.0.1.tgz",
      "integrity": "sha512-qizSNPO93t1YUuUhP22btGOo3chcvDFqFaj2TRybP0DMxkHOCTYwp3n34fel4a31ORXy4m1Xq0Gyqpb5m33qIg=="
    }
  }
}
